
Microsoft Visual Studio Solution File, Format Version 12.00
# Visual Studio Version 17
VisualStudioVersion = 17.7.34221.43
MinimumVisualStudioVersion = 10.0.40219.1
Project("{FAE04EC0-301F-11D3-BF4B-00C04F79EFBC}") = "GrpcGreeterClient", "GrpcGreeterClient\GrpcGreeterClient.csproj", "{F33B8B97-19B0-4121-BB99-3A8C44FFFC10}"
EndProject
Global
	GlobalSection(SolutionConfigurationPlatforms) = preSolution
		Debug|Any CPU = Debug|Any CPU
		Release|Any CPU = Release|Any CPU
	EndGlobalSection
	GlobalSection(ProjectConfigurationPlatforms) = postSolution
		{F33B8B97-19B0-4121-BB99-3A8C44FFFC10}.Debug|Any CPU.ActiveCfg = Debug|Any CPU
		{F33B8B97-19B0-4121-BB99-3A8C44FFFC10}.Debug|Any CPU.Build.0 = Debug|Any CPU
		{F33B8B97-19B0-4121-BB99-3A8C44FFFC10}.Release|Any CPU.ActiveCfg = Release|Any CPU
		{F33B8B97-19B0-4121-BB99-3A8C44FFFC10}.Release|Any CPU.Build.0 = Release|Any CPU
	EndGlobalSection
	GlobalSection(SolutionProperties) = preSolution
		HideSolutionNode = FALSE
	EndGlobalSection
	GlobalSection(ExtensibilityGlobals) = postSolution
		SolutionGuid = {5E9321ED-445B-4BB2-92B8-5C2213A5710D}
	EndGlobalSection
EndGlobal
